
Microsoft Visual Studio Solution File, Format Version 12.00
# Visual Studio 15
VisualStudioVersion = 15.0.26730.12
MinimumVisualStudioVersion = 10.0.40219.1
Project("{FAE04EC0-301F-11D3-BF4B-00C04F79EFBC}") = "LuceneIndexingDemo", "LuceneIndexingDemo\LuceneIndexingDemo.csproj", "{3910112F-1CA3-4C37-8D43-12FE62944955}"
EndProject
Project("{FAE04EC0-301F-11D3-BF4B-00C04F79EFBC}") = "LuceneIndexer", "LuceneIndexer\LuceneIndexer.csproj", "{3182BED2-0961-4A4A-BA4E-6E7A09049AEB}"
EndProject
Global
	GlobalSection(SolutionConfigurationPlatforms) = preSolution
		Debug|Any CPU = Debug|Any CPU
		Release|Any CPU = Release|Any CPU
	EndGlobalSection
	GlobalSection(ProjectConfigurationPlatforms) = postSolution
		{3910112F-1CA3-4C37-8D43-12FE62944955}.Debug|Any CPU.ActiveCfg = Debug|Any CPU
		{3910112F-1CA3-4C37-8D43-12FE62944955}.Debug|Any CPU.Build.0 = Debug|Any CPU
		{3910112F-1CA3-4C37-8D43-12FE62944955}.Release|Any CPU.ActiveCfg = Release|Any CPU
		{3910112F-1CA3-4C37-8D43-12FE62944955}.Release|Any CPU.Build.0 = Release|Any CPU
		{3182BED2-0961-4A4A-BA4E-6E7A09049AEB}.Debug|Any CPU.ActiveCfg = Debug|Any CPU
		{3182BED2-0961-4A4A-BA4E-6E7A09049AEB}.Debug|Any CPU.Build.0 = Debug|Any CPU
		{3182BED2-0961-4A4A-BA4E-6E7A09049AEB}.Release|Any CPU.ActiveCfg = Release|Any CPU
		{3182BED2-0961-4A4A-BA4E-6E7A09049AEB}.Release|Any CPU.Build.0 = Release|Any CPU
	EndGlobalSection
	GlobalSection(SolutionProperties) = preSolution
		HideSolutionNode = FALSE
	EndGlobalSection
	GlobalSection(ExtensibilityGlobals) = postSolution
		SolutionGuid = {FE028F83-69E6-4C83-B34D-3BF27B8432AA}
	EndGlobalSection
EndGlobal
